// !$*UTF8*$!
{
	archiveVersion = 1;
	classes = {
	};
	objectVersion = 51;
	objects = {

/* Begin PBXBuildFile section */
		0403FC0625DF348900A2A175 /* UIBarButtonItem+Ext.swift in Sources */ = {isa = PBXBuildFile; fileRef = 0403FC0525DF348800A2A175 /* UIBarButtonItem+Ext.swift */; };
		0411F27825DDD693007A15A8 /* SFUIText-Medium.ttf in Resources */ = {isa = PBXBuildFile; fileRef = 04581D2225DDD37F000B4B81 /* SFUIText-Medium.ttf */; };
		0411F27925DDD693007A15A8 /* SFUIText-Regular.ttf in Resources */ = {isa = PBXBuildFile; fileRef = 04581D2825DDD380000B4B81 /* SFUIText-Regular.ttf */; };
		0411F27E25DDDCDE007A15A8 /* ImageLoader.swift in Sources */ = {isa = PBXBuildFile; fileRef = 0411F27D25DDDCDE007A15A8 /* ImageLoader.swift */; };
		0416A34125DDB4CC0002E477 /* Colors.xcassets in Resources */ = {isa = PBXBuildFile; fileRef = 0416A34025DDB4CC0002E477 /* Colors.xcassets */; };
		0416A3B225DDC14C0002E477 /* Post.swift in Sources */ = {isa = PBXBuildFile; fileRef = 0416A3B125DDC14C0002E477 /* Post.swift */; };
		0416A3C525DDC2D10002E477 /* Person.swift in Sources */ = {isa = PBXBuildFile; fileRef = 0416A3C425DDC2D10002E477 /* Person.swift */; };
		0416A3E025DDC4A10002E477 /* PostAPI.swift in Sources */ = {isa = PBXBuildFile; fileRef = 0416A3DF25DDC4A10002E477 /* PostAPI.swift */; };
		041C4AE925DECD7B009B15AD /* SceneDelegate.swift in Sources */ = {isa = PBXBuildFile; fileRef = 041C4AE825DECD7B009B15AD /* SceneDelegate.swift */; };
		041C4AF225DED742009B15AD /* HomeViewCollectionViewCell.swift in Sources */ = {isa = PBXBuildFile; fileRef = 041C4AF125DED742009B15AD /* HomeViewCollectionViewCell.swift */; };
		041DD86B25DFAA9500747EF6 /* HomeViewControllerTests.swift in Sources */ = {isa = PBXBuildFile; fileRef = 041DD86A25DFAA9500747EF6 /* HomeViewControllerTests.swift */; };
		044BE40F25DDC7A900CEF97C /* Constant.swift in Sources */ = {isa = PBXBuildFile; fileRef = 044BE40E25DDC7A900CEF97C /* Constant.swift */; };
		044BE41825DDCEBA00CEF97C /* HomeViewTableViewCell.swift in Sources */ = {isa = PBXBuildFile; fileRef = 044BE41725DDCEBA00CEF97C /* HomeViewTableViewCell.swift */; };
		04581D0B25DDD20D000B4B81 /* String+Ext.swift in Sources */ = {isa = PBXBuildFile; fileRef = 04581D0A25DDD20D000B4B81 /* String+Ext.swift */; };
		04920ED525DD86FD00619236 /* AppDelegate.swift in Sources */ = {isa = PBXBuildFile; fileRef = 04920ED425DD86FD00619236 /* AppDelegate.swift */; };
		04920ED925DD86FD00619236 /* HomeViewController.swift in Sources */ = {isa = PBXBuildFile; fileRef = 04920ED825DD86FD00619236 /* HomeViewController.swift */; };
		04920EEC25DD870200619236 /* InstagramTests.swift in Sources */ = {isa = PBXBuildFile; fileRef = 04920EEB25DD870200619236 /* InstagramTests.swift */; };
		04920EF725DD870200619236 /* InstagramUITests.swift in Sources */ = {isa = PBXBuildFile; fileRef = 04920EF625DD870200619236 /* InstagramUITests.swift */; };
		04920F3525DD8CF700619236 /* HomeViewModel.swift in Sources */ = {isa = PBXBuildFile; fileRef = 04920F3425DD8CF700619236 /* HomeViewModel.swift */; };
		04920F3A25DD8D0000619236 /* HomeView.swift in Sources */ = {isa = PBXBuildFile; fileRef = 04920F3925DD8D0000619236 /* HomeView.swift */; };
		04920F4225DD8DE600619236 /* InstagramTabBarController.swift in Sources */ = {isa = PBXBuildFile; fileRef = 04920F4125DD8DE600619236 /* InstagramTabBarController.swift */; };
		04920F7B25DD93A500619236 /* Localizable.strings in Resources */ = {isa = PBXBuildFile; fileRef = 04920F7D25DD93A500619236 /* Localizable.strings */; };
		04920FA925DD97E600619236 /* R.generated.swift in Sources */ = {isa = PBXBuildFile; fileRef = 04920FA825DD97E600619236 /* R.generated.swift */; };
		04920FB425DD990200619236 /* Assets.xcassets in Resources */ = {isa = PBXBuildFile; fileRef = 04920FB325DD990200619236 /* Assets.xcassets */; };
		04E0B11A25DF0C51003EBDBD /* SegoeUI-Bold.ttf in Resources */ = {isa = PBXBuildFile; fileRef = 04E0B11625DF0C29003EBDBD /* SegoeUI-Bold.ttf */; };
		04E0B11F25DF0EE9003EBDBD /* AlertService.swift in Sources */ = {isa = PBXBuildFile; fileRef = 04E0B11E25DF0EE9003EBDBD /* AlertService.swift */; };
		97E677A265BDD1FF01E53D33 /* Pods_InstagramTests.framework in Frameworks */ = {isa = PBXBuildFile; fileRef = CEA940D67DF6DD5697358268 /* Pods_InstagramTests.framework */; };
		B49004D92001C0AD775CB0C5 /* Pods_Instagram.framework in Frameworks */ = {isa = PBXBuildFile; fileRef = 5029ED66C40CC60AF772E130 /* Pods_Instagram.framework */; };
		E66802AF3AFCA11E8BADF2C9 /* Pods_Instagram_InstagramUITests.framework in Frameworks */ = {isa = PBXBuildFile; fileRef = C1D907C5FD5117E19AD8217D /* Pods_Instagram_InstagramUITests.framework */; };
/* End PBXBuildFile section */

/* Begin PBXContainerItemProxy section */
		04920EE825DD870200619236 /* PBXContainerItemProxy */ = {
			isa = PBXContainerItemProxy;
			containerPortal = 04920EC925DD86FD00619236 /* Project object */;
			proxyType = 1;
			remoteGlobalIDString = 04920ED025DD86FD00619236;
			remoteInfo = Instagram;
		};
		04920EF325DD870200619236 /* PBXContainerItemProxy */ = {
			isa = PBXContainerItemProxy;
			containerPortal = 04920EC925DD86FD00619236 /* Project object */;
			proxyType = 1;
			remoteGlobalIDString = 04920ED025DD86FD00619236;
			remoteInfo = Instagram;
		};
/* End PBXContainerItemProxy section */

/* Begin PBXFileReference section */
		0403FC0525DF348800A2A175 /* UIBarButtonItem+Ext.swift */ = {isa = PBXFileReference; lastKnownFileType = sourcecode.swift; path = "UIBarButtonItem+Ext.swift"; sourceTree = "<group>"; };
		0411F27D25DDDCDE007A15A8 /* ImageLoader.swift */ = {isa = PBXFileReference; lastKnownFileType = sourcecode.swift; path = ImageLoader.swift; sourceTree = "<group>"; };
		0416A34025DDB4CC0002E477 /* Colors.xcassets */ = {isa = PBXFileReference; lastKnownFileType = folder.assetcatalog; path = Colors.xcassets; sourceTree = "<group>"; };
		0416A3B125DDC14C0002E477 /* Post.swift */ = {isa = PBXFileReference; lastKnownFileType = sourcecode.swift; path = Post.swift; sourceTree = "<group>"; };
		0416A3C425DDC2D10002E477 /* Person.swift */ = {isa = PBXFileReference; lastKnownFileType = sourcecode.swift; path = Person.swift; sourceTree = "<group>"; };
		0416A3DF25DDC4A10002E477 /* PostAPI.swift */ = {isa = PBXFileReference; lastKnownFileType = sourcecode.swift; path = PostAPI.swift; sourceTree = "<group>"; };
		041C4AE825DECD7B009B15AD /* SceneDelegate.swift */ = {isa = PBXFileReference; lastKnownFileType = sourcecode.swift; name = SceneDelegate.swift; path = /Users/mac/Development/instagram/Instagram/Instagram/SceneDelegate.swift; sourceTree = "<absolute>"; };
		041C4AF125DED742009B15AD /* HomeViewCollectionViewCell.swift */ = {isa = PBXFileReference; lastKnownFileType = sourcecode.swift; path = HomeViewCollectionViewCell.swift; sourceTree = "<group>"; };
		041DD86A25DFAA9500747EF6 /* HomeViewControllerTests.swift */ = {isa = PBXFileReference; lastKnownFileType = sourcecode.swift; path = HomeViewControllerTests.swift; sourceTree = "<group>"; };
		044BE40E25DDC7A900CEF97C /* Constant.swift */ = {isa = PBXFileReference; lastKnownFileType = sourcecode.swift; path = Constant.swift; sourceTree = "<group>"; };
		044BE41725DDCEBA00CEF97C /* HomeViewTableViewCell.swift */ = {isa = PBXFileReference; lastKnownFileType = sourcecode.swift; path = HomeViewTableViewCell.swift; sourceTree = "<group>"; };
		04581D0A25DDD20D000B4B81 /* String+Ext.swift */ = {isa = PBXFileReference; lastKnownFileType = sourcecode.swift; path = "String+Ext.swift"; sourceTree = "<group>"; };
		04581D2225DDD37F000B4B81 /* SFUIText-Medium.ttf */ = {isa = PBXFileReference; lastKnownFileType = file; path = "SFUIText-Medium.ttf"; sourceTree = "<group>"; };
		04581D2825DDD380000B4B81 /* SFUIText-Regular.ttf */ = {isa = PBXFileReference; lastKnownFileType = file; path = "SFUIText-Regular.ttf"; sourceTree = "<group>"; };
		04920ED125DD86FD00619236 /* Instagram.app */ = {isa = PBXFileReference; explicitFileType = wrapper.application; includeInIndex = 0; path = Instagram.app; sourceTree = BUILT_PRODUCTS_DIR; };
		04920ED425DD86FD00619236 /* AppDelegate.swift */ = {isa = PBXFileReference; lastKnownFileType = sourcecode.swift; path = AppDelegate.swift; sourceTree = "<group>"; };
		04920ED825DD86FD00619236 /* HomeViewController.swift */ = {isa = PBXFileReference; lastKnownFileType = sourcecode.swift; path = HomeViewController.swift; sourceTree = "<group>"; };
		04920EE225DD870100619236 /* Info.plist */ = {isa = PBXFileReference; lastKnownFileType = text.plist.xml; path = Info.plist; sourceTree = "<group>"; };
		04920EE725DD870200619236 /* InstagramTests.xctest */ = {isa = PBXFileReference; explicitFileType = wrapper.cfbundle; includeInIndex = 0; path = InstagramTests.xctest; sourceTree = BUILT_PRODUCTS_DIR; };
		04920EEB25DD870200619236 /* InstagramTests.swift */ = {isa = PBXFileReference; lastKnownFileType = sourcecode.swift; path = InstagramTests.swift; sourceTree = "<group>"; };
		04920EED25DD870200619236 /* Info.plist */ = {isa = PBXFileReference; lastKnownFileType = text.plist.xml; path = Info.plist; sourceTree = "<group>"; };
		04920EF225DD870200619236 /* InstagramUITests.xctest */ = {isa = PBXFileReference; explicitFileType = wrapper.cfbundle; includeInIndex = 0; path = InstagramUITests.xctest; sourceTree = BUILT_PRODUCTS_DIR; };
		04920EF625DD870200619236 /* InstagramUITests.swift */ = {isa = PBXFileReference; lastKnownFileType = sourcecode.swift; path = InstagramUITests.swift; sourceTree = "<group>"; };
		04920EF825DD870200619236 /* Info.plist */ = {isa = PBXFileReference; lastKnownFileType = text.plist.xml; path = Info.plist; sourceTree = "<group>"; };
		04920F3425DD8CF700619236 /* HomeViewModel.swift */ = {isa = PBXFileReference; lastKnownFileType = sourcecode.swift; path = HomeViewModel.swift; sourceTree = "<group>"; };
		04920F3925DD8D0000619236 /* HomeView.swift */ = {isa = PBXFileReference; lastKnownFileType = sourcecode.swift; path = HomeView.swift; sourceTree = "<group>"; };
		04920F4125DD8DE600619236 /* InstagramTabBarController.swift */ = {isa = PBXFileReference; lastKnownFileType = sourcecode.swift; path = InstagramTabBarController.swift; sourceTree = "<group>"; };
		04920F7C25DD93A500619236 /* en */ = {isa = PBXFileReference; lastKnownFileType = text.plist.strings; name = en; path = en.lproj/Localizable.strings; sourceTree = "<group>"; };
		04920FA825DD97E600619236 /* R.generated.swift */ = {isa = PBXFileReference; fileEncoding = 4; lastKnownFileType = sourcecode.swift; name = R.generated.swift; path = Instagram/Resources/Generated/R.generated.swift; sourceTree = SOURCE_ROOT; };
		04920FB325DD990200619236 /* Assets.xcassets */ = {isa = PBXFileReference; lastKnownFileType = folder.assetcatalog; path = Assets.xcassets; sourceTree = "<group>"; };
		04E0B11625DF0C29003EBDBD /* SegoeUI-Bold.ttf */ = {isa = PBXFileReference; lastKnownFileType = file; path = "SegoeUI-Bold.ttf"; sourceTree = "<group>"; };
		04E0B11E25DF0EE9003EBDBD /* AlertService.swift */ = {isa = PBXFileReference; lastKnownFileType = sourcecode.swift; path = AlertService.swift; sourceTree = "<group>"; };
		37D99DD3C97157A7E4EFE735 /* Pods-Instagram.debug.xcconfig */ = {isa = PBXFileReference; includeInIndex = 1; lastKnownFileType = text.xcconfig; name = "Pods-Instagram.debug.xcconfig"; path = "Target Support Files/Pods-Instagram/Pods-Instagram.debug.xcconfig"; sourceTree = "<group>"; };
		5029ED66C40CC60AF772E130 /* Pods_Instagram.framework */ = {isa = PBXFileReference; explicitFileType = wrapper.framework; includeInIndex = 0; path = Pods_Instagram.framework; sourceTree = BUILT_PRODUCTS_DIR; };
		82A47AFCFAA1C2B6F00A28D5 /* Pods-InstagramTests.release.xcconfig */ = {isa = PBXFileReference; includeInIndex = 1; lastKnownFileType = text.xcconfig; name = "Pods-InstagramTests.release.xcconfig"; path = "Target Support Files/Pods-InstagramTests/Pods-InstagramTests.release.xcconfig"; sourceTree = "<group>"; };
		B82D5033D5A7D5F2C459B99B /* Pods-InstagramTests.debug.xcconfig */ = {isa = PBXFileReference; includeInIndex = 1; lastKnownFileType = text.xcconfig; name = "Pods-InstagramTests.debug.xcconfig"; path = "Target Support Files/Pods-InstagramTests/Pods-InstagramTests.debug.xcconfig"; sourceTree = "<group>"; };
		BC70E8BB9FAAD0F41A0767D7 /* Pods-Instagram-InstagramUITests.debug.xcconfig */ = {isa = PBXFileReference; includeInIndex = 1; lastKnownFileType = text.xcconfig; name = "Pods-Instagram-InstagramUITests.debug.xcconfig"; path = "Target Support Files/Pods-Instagram-InstagramUITests/Pods-Instagram-InstagramUITests.debug.xcconfig"; sourceTree = "<group>"; };
		C1D907C5FD5117E19AD8217D /* Pods_Instagram_InstagramUITests.framework */ = {isa = PBXFileReference; explicitFileType = wrapper.framework; includeInIndex = 0; path = Pods_Instagram_InstagramUITests.framework; sourceTree = BUILT_PRODUCTS_DIR; };
		CEA940D67DF6DD5697358268 /* Pods_InstagramTests.framework */ = {isa = PBXFileReference; explicitFileType = wrapper.framework; includeInIndex = 0; path = Pods_InstagramTests.framework; sourceTree = BUILT_PRODUCTS_DIR; };
		E61B0BD0E2415BEAB3C85835 /* Pods-Instagram.release.xcconfig */ = {isa = PBXFileReference; includeInIndex = 1; lastKnownFileType = text.xcconfig; name = "Pods-Instagram.release.xcconfig"; path = "Target Support Files/Pods-Instagram/Pods-Instagram.release.xcconfig"; sourceTree = "<group>"; };
		EC94CB9F11726418F357C521 /* Pods-Instagram-InstagramUITests.release.xcconfig */ = {isa = PBXFileReference; includeInIndex = 1; lastKnownFileType = text.xcconfig; name = "Pods-Instagram-InstagramUITests.release.xcconfig"; path = "Target Support Files/Pods-Instagram-InstagramUITests/Pods-Instagram-InstagramUITests.release.xcconfig"; sourceTree = "<group>"; };
/* End PBXFileReference section */

/* Begin PBXFrameworksBuildPhase section */
		04920ECE25DD86FD00619236 /* Frameworks */ = {
			isa = PBXFrameworksBuildPhase;
			buildActionMask = 2147483647;
			files = (
				B49004D92001C0AD775CB0C5 /* Pods_Instagram.framework in Frameworks */,
			);
			runOnlyForDeploymentPostprocessing = 0;
		};
		04920EE425DD870200619236 /* Frameworks */ = {
			isa = PBXFrameworksBuildPhase;
			buildActionMask = 2147483647;
			files = (
				97E677A265BDD1FF01E53D33 /* Pods_InstagramTests.framework in Frameworks */,
			);
			runOnlyForDeploymentPostprocessing = 0;
		};
		04920EEF25DD870200619236 /* Frameworks */ = {
			isa = PBXFrameworksBuildPhase;
			buildActionMask = 2147483647;
			files = (
				E66802AF3AFCA11E8BADF2C9 /* Pods_Instagram_InstagramUITests.framework in Frameworks */,
			);
			runOnlyForDeploymentPostprocessing = 0;
		};
/* End PBXFrameworksBuildPhase section */

/* Begin PBXGroup section */
		0411F28225DDDCE4007A15A8 /* Services */ = {
			isa = PBXGroup;
			children = (
				0411F27D25DDDCDE007A15A8 /* ImageLoader.swift */,
				04E0B11E25DF0EE9003EBDBD /* AlertService.swift */,
			);
			path = Services;
			sourceTree = "<group>";
		};
		0416A34525DDB4CF0002E477 /* Colors */ = {
			isa = PBXGroup;
			children = (
				0416A34025DDB4CC0002E477 /* Colors.xcassets */,
			);
			path = Colors;
			sourceTree = "<group>";
		};
		0416A3B925DDC1500002E477 /* Networking */ = {
			isa = PBXGroup;
			children = (
				0416A3E425DDC4A60002E477 /* API */,
				0416A3BD25DDC15A0002E477 /* Responses */,
			);
			path = Networking;
			sourceTree = "<group>";
		};
		0416A3BD25DDC15A0002E477 /* Responses */ = {
			isa = PBXGroup;
			children = (
				0416A3B125DDC14C0002E477 /* Post.swift */,
				0416A3C425DDC2D10002E477 /* Person.swift */,
			);
			path = Responses;
			sourceTree = "<group>";
		};
		0416A3E425DDC4A60002E477 /* API */ = {
			isa = PBXGroup;
			children = (
				0416A3DF25DDC4A10002E477 /* PostAPI.swift */,
			);
			path = API;
			sourceTree = "<group>";
		};
		041DD86825DFAA5A00747EF6 /* UserStoryTest */ = {
			isa = PBXGroup;
			children = (
				041DD86925DFAA7000747EF6 /* HomeTests */,
			);
			path = UserStoryTest;
			sourceTree = "<group>";
		};
		041DD86925DFAA7000747EF6 /* HomeTests */ = {
			isa = PBXGroup;
			children = (
				041DD86A25DFAA9500747EF6 /* HomeViewControllerTests.swift */,
			);
			path = HomeTests;
			sourceTree = "<group>";
		};
		044BE41C25DDCEBD00CEF97C /* Cells */ = {
			isa = PBXGroup;
			children = (
				044BE41725DDCEBA00CEF97C /* HomeViewTableViewCell.swift */,
				041C4AF125DED742009B15AD /* HomeViewCollectionViewCell.swift */,
			);
			path = Cells;
			sourceTree = "<group>";
		};
		04581D0F25DDD245000B4B81 /* Extensions */ = {
			isa = PBXGroup;
			children = (
				04581D0A25DDD20D000B4B81 /* String+Ext.swift */,
				0403FC0525DF348800A2A175 /* UIBarButtonItem+Ext.swift */,
			);
			path = Extensions;
			sourceTree = "<group>";
		};
		04581D1925DDD26E000B4B81 /* Helpers */ = {
			isa = PBXGroup;
			children = (
				044BE40E25DDC7A900CEF97C /* Constant.swift */,
			);
			path = Helpers;
			sourceTree = "<group>";
		};
		04581D2925DDD385000B4B81 /* Fonts */ = {
			isa = PBXGroup;
			children = (
				04581D2225DDD37F000B4B81 /* SFUIText-Medium.ttf */,
				04E0B11625DF0C29003EBDBD /* SegoeUI-Bold.ttf */,
				04581D2825DDD380000B4B81 /* SFUIText-Regular.ttf */,
			);
			path = Fonts;
			sourceTree = "<group>";
		};
		04920EC825DD86FD00619236 = {
			isa = PBXGroup;
			children = (
				04920ED325DD86FD00619236 /* Instagram */,
				04920EEA25DD870200619236 /* InstagramTests */,
				04920EF525DD870200619236 /* InstagramUITests */,
				04920ED225DD86FD00619236 /* Products */,
				9EC5A90BC471CE560366C388 /* Pods */,
				A245B9D117A3E022B57A71C7 /* Frameworks */,
			);
			sourceTree = "<group>";
		};
		04920ED225DD86FD00619236 /* Products */ = {
			isa = PBXGroup;
			children = (
				04920ED125DD86FD00619236 /* Instagram.app */,
				04920EE725DD870200619236 /* InstagramTests.xctest */,
				04920EF225DD870200619236 /* InstagramUITests.xctest */,
			);
			name = Products;
			sourceTree = "<group>";
		};
		04920ED325DD86FD00619236 /* Instagram */ = {
			isa = PBXGroup;
			children = (
				04581D0F25DDD245000B4B81 /* Extensions */,
				04920F6B25DD92B100619236 /* Resources */,
				04920F4625DD8DED00619236 /* Library */,
				04920F2C25DD8CBC00619236 /* UserStory */,
				04920ED425DD86FD00619236 /* AppDelegate.swift */,
				041C4AE825DECD7B009B15AD /* SceneDelegate.swift */,
				04920EE225DD870100619236 /* Info.plist */,
				0416A3B925DDC1500002E477 /* Networking */,
				0411F28225DDDCE4007A15A8 /* Services */,
			);
			path = Instagram;
			sourceTree = "<group>";
		};
		04920EEA25DD870200619236 /* InstagramTests */ = {
			isa = PBXGroup;
			children = (
				041DD86825DFAA5A00747EF6 /* UserStoryTest */,
				04920EEB25DD870200619236 /* InstagramTests.swift */,
				04920EED25DD870200619236 /* Info.plist */,
			);
			path = InstagramTests;
			sourceTree = "<group>";
		};
		04920EF525DD870200619236 /* InstagramUITests */ = {
			isa = PBXGroup;
			children = (
				04920EF625DD870200619236 /* InstagramUITests.swift */,
				04920EF825DD870200619236 /* Info.plist */,
			);
			path = InstagramUITests;
			sourceTree = "<group>";
		};
		04920F2C25DD8CBC00619236 /* UserStory */ = {
			isa = PBXGroup;
			children = (
				04920F3025DD8CE500619236 /* Home */,
			);
			path = UserStory;
			sourceTree = "<group>";
		};
		04920F3025DD8CE500619236 /* Home */ = {
			isa = PBXGroup;
			children = (
				04920ED825DD86FD00619236 /* HomeViewController.swift */,
				04920F3425DD8CF700619236 /* HomeViewModel.swift */,
				04920F3925DD8D0000619236 /* HomeView.swift */,
				044BE41C25DDCEBD00CEF97C /* Cells */,
			);
			path = Home;
			sourceTree = "<group>";
		};
		04920F4625DD8DED00619236 /* Library */ = {
			isa = PBXGroup;
			children = (
				04920F4125DD8DE600619236 /* InstagramTabBarController.swift */,
			);
			path = Library;
			sourceTree = "<group>";
		};
		04920F6B25DD92B100619236 /* Resources */ = {
			isa = PBXGroup;
			children = (
				04581D2925DDD385000B4B81 /* Fonts */,
				04581D1925DDD26E000B4B81 /* Helpers */,
				04920F7225DD92E200619236 /* Images */,
				04920F6C25DD92BE00619236 /* Generated */,
				04920F8125DD93B400619236 /* Translations */,
				0416A34525DDB4CF0002E477 /* Colors */,
			);
			path = Resources;
			sourceTree = "<group>";
		};
		04920F6C25DD92BE00619236 /* Generated */ = {
			isa = PBXGroup;
			children = (
				04920FA825DD97E600619236 /* R.generated.swift */,
			);
			path = Generated;
			sourceTree = "<group>";
		};
		04920F7225DD92E200619236 /* Images */ = {
			isa = PBXGroup;
			children = (
				04920FB325DD990200619236 /* Assets.xcassets */,
			);
			path = Images;
			sourceTree = "<group>";
		};
		04920F8125DD93B400619236 /* Translations */ = {
			isa = PBXGroup;
			children = (
				04920F7D25DD93A500619236 /* Localizable.strings */,
			);
			path = Translations;
			sourceTree = "<group>";
		};
		9EC5A90BC471CE560366C388 /* Pods */ = {
			isa = PBXGroup;
			children = (
				37D99DD3C97157A7E4EFE735 /* Pods-Instagram.debug.xcconfig */,
				E61B0BD0E2415BEAB3C85835 /* Pods-Instagram.release.xcconfig */,
				BC70E8BB9FAAD0F41A0767D7 /* Pods-Instagram-InstagramUITests.debug.xcconfig */,
				EC94CB9F11726418F357C521 /* Pods-Instagram-InstagramUITests.release.xcconfig */,
				B82D5033D5A7D5F2C459B99B /* Pods-InstagramTests.debug.xcconfig */,
				82A47AFCFAA1C2B6F00A28D5 /* Pods-InstagramTests.release.xcconfig */,
			);
			path = Pods;
			sourceTree = "<group>";
		};
		A245B9D117A3E022B57A71C7 /* Frameworks */ = {
			isa = PBXGroup;
			children = (
				5029ED66C40CC60AF772E130 /* Pods_Instagram.framework */,
				C1D907C5FD5117E19AD8217D /* Pods_Instagram_InstagramUITests.framework */,
				CEA940D67DF6DD5697358268 /* Pods_InstagramTests.framework */,
			);
			name = Frameworks;
			sourceTree = "<group>";
		};
/* End PBXGroup section */

/* Begin PBXNativeTarget section */
		04920ED025DD86FD00619236 /* Instagram */ = {
			isa = PBXNativeTarget;
			buildConfigurationList = 04920EFB25DD870200619236 /* Build configuration list for PBXNativeTarget "Instagram" */;
			buildPhases = (
				394E749929D8A6A549326D12 /* [CP] Check Pods Manifest.lock */,
				04920F5325DD915B00619236 /* ShellScript */,
				04920ECD25DD86FD00619236 /* Sources */,
				04920ECE25DD86FD00619236 /* Frameworks */,
				04920ECF25DD86FD00619236 /* Resources */,
				31EE60B9365414CE032DF42F /* [CP] Embed Pods Frameworks */,
			);
			buildRules = (
			);
			dependencies = (
			);
			name = Instagram;
			productName = Instagram;
			productReference = 04920ED125DD86FD00619236 /* Instagram.app */;
			productType = "com.apple.product-type.application";
		};
		04920EE625DD870200619236 /* InstagramTests */ = {
			isa = PBXNativeTarget;
			buildConfigurationList = 04920EFE25DD870200619236 /* Build configuration list for PBXNativeTarget "InstagramTests" */;
			buildPhases = (
				D4B0157FA36D0BA85B33428A /* [CP] Check Pods Manifest.lock */,
				04920EE325DD870200619236 /* Sources */,
				04920EE425DD870200619236 /* Frameworks */,
				04920EE525DD870200619236 /* Resources */,
			);
			buildRules = (
			);
			dependencies = (
				04920EE925DD870200619236 /* PBXTargetDependency */,
			);
			name = InstagramTests;
			productName = InstagramTests;
			productReference = 04920EE725DD870200619236 /* InstagramTests.xctest */;
			productType = "com.apple.product-type.bundle.unit-test";
		};
		04920EF125DD870200619236 /* InstagramUITests */ = {
			isa = PBXNativeTarget;
			buildConfigurationList = 04920F0125DD870200619236 /* Build configuration list for PBXNativeTarget "InstagramUITests" */;
			buildPhases = (
				DB987DE41C77BB14F85C671F /* [CP] Check Pods Manifest.lock */,
				04920EEE25DD870200619236 /* Sources */,
				04920EEF25DD870200619236 /* Frameworks */,
				04920EF025DD870200619236 /* Resources */,
				B552F362D874052CB58B4987 /* [CP] Embed Pods Frameworks */,
			);
			buildRules = (
			);
			dependencies = (
				04920EF425DD870200619236 /* PBXTargetDependency */,
			);
			name = InstagramUITests;
			productName = InstagramUITests;
			productReference = 04920EF225DD870200619236 /* InstagramUITests.xctest */;
			productType = "com.apple.product-type.bundle.ui-testing";
		};
/* End PBXNativeTarget section */

/* Begin PBXProject section */
		04920EC925DD86FD00619236 /* Project object */ = {
			isa = PBXProject;
			attributes = {
				LastSwiftUpdateCheck = 1230;
				LastUpgradeCheck = 1230;
				TargetAttributes = {
					04920ED025DD86FD00619236 = {
						CreatedOnToolsVersion = 12.3;
					};
					04920EE625DD870200619236 = {
						CreatedOnToolsVersion = 12.3;
						TestTargetID = 04920ED025DD86FD00619236;
					};
					04920EF125DD870200619236 = {
						CreatedOnToolsVersion = 12.3;
						TestTargetID = 04920ED025DD86FD00619236;
					};
				};
			};
			buildConfigurationList = 04920ECC25DD86FD00619236 /* Build configuration list for PBXProject "Instagram" */;
			compatibilityVersion = "Xcode 9.3";
			developmentRegion = en;
			hasScannedForEncodings = 0;
			knownRegions = (
				en,
				Base,
			);
			mainGroup = 04920EC825DD86FD00619236;
			productRefGroup = 04920ED225DD86FD00619236 /* Products */;
			projectDirPath = "";
			projectRoot = "";
			targets = (
				04920ED025DD86FD00619236 /* Instagram */,
				04920EE625DD870200619236 /* InstagramTests */,
				04920EF125DD870200619236 /* InstagramUITests */,
			);
		};
/* End PBXProject section */

/* Begin PBXResourcesBuildPhase section */
		04920ECF25DD86FD00619236 /* Resources */ = {
			isa = PBXResourcesBuildPhase;
			buildActionMask = 2147483647;
			files = (
				04E0B11A25DF0C51003EBDBD /* SegoeUI-Bold.ttf in Resources */,
				0411F27825DDD693007A15A8 /* SFUIText-Medium.ttf in Resources */,
				0411F27925DDD693007A15A8 /* SFUIText-Regular.ttf in Resources */,
				0416A34125DDB4CC0002E477 /* Colors.xcassets in Resources */,
				04920FB425DD990200619236 /* Assets.xcassets in Resources */,
				04920F7B25DD93A500619236 /* Localizable.strings in Resources */,
			);
			runOnlyForDeploymentPostprocessing = 0;
		};
		04920EE525DD870200619236 /* Resources */ = {
			isa = PBXResourcesBuildPhase;
			buildActionMask = 2147483647;
			files = (
			);
			runOnlyForDeploymentPostprocessing = 0;
		};
		04920EF025DD870200619236 /* Resources */ = {
			isa = PBXResourcesBuildPhase;
			buildActionMask = 2147483647;
			files = (
			);
			runOnlyForDeploymentPostprocessing = 0;
		};
/* End PBXResourcesBuildPhase section */

/* Begin PBXShellScriptBuildPhase section */
		04920F5325DD915B00619236 /* ShellScript */ = {
			isa = PBXShellScriptBuildPhase;
			buildActionMask = 2147483647;
			files = (
			);
			inputFileListPaths = (
			);
			inputPaths = (
				"$TEMP_DIR/rswift-lastrun",
			);
			outputFileListPaths = (
			);
			outputPaths = (
				$SRCROOT/Instagram/Resources/Generated/R.generated.swift,
			);
			runOnlyForDeploymentPostprocessing = 0;
			shellPath = /bin/sh;
			shellScript = "# Type a script or drag a script file from your workspace to insert its path.\n\"$PODS_ROOT/R.swift/rswift\" generate \"$SRCROOT/Instagram/Resources/Generated/R.generated.swift\"\n";
		};
		31EE60B9365414CE032DF42F /* [CP] Embed Pods Frameworks */ = {
			isa = PBXShellScriptBuildPhase;
			buildActionMask = 2147483647;
			files = (
			);
			inputFileListPaths = (
				"${PODS_ROOT}/Target Support Files/Pods-Instagram/Pods-Instagram-frameworks-${CONFIGURATION}-input-files.xcfilelist",
			);
			name = "[CP] Embed Pods Frameworks";
			outputFileListPaths = (
				"${PODS_ROOT}/Target Support Files/Pods-Instagram/Pods-Instagram-frameworks-${CONFIGURATION}-output-files.xcfilelist",
			);
			runOnlyForDeploymentPostprocessing = 0;
			shellPath = /bin/sh;
			shellScript = "\"${PODS_ROOT}/Target Support Files/Pods-Instagram/Pods-Instagram-frameworks.sh\"\n";
			showEnvVarsInLog = 0;
		};
		394E749929D8A6A549326D12 /* [CP] Check Pods Manifest.lock */ = {
			isa = PBXShellScriptBuildPhase;
			buildActionMask = 2147483647;
			files = (
			);
			inputFileListPaths = (
			);
			inputPaths = (
				"${PODS_PODFILE_DIR_PATH}/Podfile.lock",
				"${PODS_ROOT}/Manifest.lock",
			);
			name = "[CP] Check Pods Manifest.lock";
			outputFileListPaths = (
			);
			outputPaths = (
				"$(DERIVED_FILE_DIR)/Pods-Instagram-checkManifestLockResult.txt",
			);
			runOnlyForDeploymentPostprocessing = 0;
			shellPath = /bin/sh;
			shellScript = "diff \"${PODS_PODFILE_DIR_PATH}/Podfile.lock\" \"${PODS_ROOT}/Manifest.lock\" > /dev/null\nif [ $? != 0 ] ; then\n    # print error to STDERR\n    echo \"error: The sandbox is not in sync with the Podfile.lock. Run 'pod install' or update your CocoaPods installation.\" >&2\n    exit 1\nfi\n# This output is used by Xcode 'outputs' to avoid re-running this script phase.\necho \"SUCCESS\" > \"${SCRIPT_OUTPUT_FILE_0}\"\n";
			showEnvVarsInLog = 0;
		};
		B552F362D874052CB58B4987 /* [CP] Embed Pods Frameworks */ = {
			isa = PBXShellScriptBuildPhase;
			buildActionMask = 2147483647;
			files = (
			);
			inputFileListPaths = (
				"${PODS_ROOT}/Target Support Files/Pods-Instagram-InstagramUITests/Pods-Instagram-InstagramUITests-frameworks-${CONFIGURATION}-input-files.xcfilelist",
			);
			name = "[CP] Embed Pods Frameworks";
			outputFileListPaths = (
				"${PODS_ROOT}/Target Support Files/Pods-Instagram-InstagramUITests/Pods-Instagram-InstagramUITests-frameworks-${CONFIGURATION}-output-files.xcfilelist",
			);
			runOnlyForDeploymentPostprocessing = 0;
			shellPath = /bin/sh;
			shellScript = "\"${PODS_ROOT}/Target Support Files/Pods-Instagram-InstagramUITests/Pods-Instagram-InstagramUITests-frameworks.sh\"\n";
			showEnvVarsInLog = 0;
		};
		D4B0157FA36D0BA85B33428A /* [CP] Check Pods Manifest.lock */ = {
			isa = PBXShellScriptBuildPhase;
			buildActionMask = 2147483647;
			files = (
			);
			inputFileListPaths = (
			);
			inputPaths = (
				"${PODS_PODFILE_DIR_PATH}/Podfile.lock",
				"${PODS_ROOT}/Manifest.lock",
			);
			name = "[CP] Check Pods Manifest.lock";
			outputFileListPaths = (
			);
			outputPaths = (
				"$(DERIVED_FILE_DIR)/Pods-InstagramTests-checkManifestLockResult.txt",
			);
			runOnlyForDeploymentPostprocessing = 0;
			shellPath = /bin/sh;
			shellScript = "diff \"${PODS_PODFILE_DIR_PATH}/Podfile.lock\" \"${PODS_ROOT}/Manifest.lock\" > /dev/null\nif [ $? != 0 ] ; then\n    # print error to STDERR\n    echo \"error: The sandbox is not in sync with the Podfile.lock. Run 'pod install' or update your CocoaPods installation.\" >&2\n    exit 1\nfi\n# This output is used by Xcode 'outputs' to avoid re-running this script phase.\necho \"SUCCESS\" > \"${SCRIPT_OUTPUT_FILE_0}\"\n";
			showEnvVarsInLog = 0;
		};
		DB987DE41C77BB14F85C671F /* [CP] Check Pods Manifest.lock */ = {
			isa = PBXShellScriptBuildPhase;
			buildActionMask = 2147483647;
			files = (
			);
			inputFileListPaths = (
			);
			inputPaths = (
				"${PODS_PODFILE_DIR_PATH}/Podfile.lock",
				"${PODS_ROOT}/Manifest.lock",
			);
			name = "[CP] Check Pods Manifest.lock";
			outputFileListPaths = (
			);
			outputPaths = (
				"$(DERIVED_FILE_DIR)/Pods-Instagram-InstagramUITests-checkManifestLockResult.txt",
			);
			runOnlyForDeploymentPostprocessing = 0;
			shellPath = /bin/sh;
			shellScript = "diff \"${PODS_PODFILE_DIR_PATH}/Podfile.lock\" \"${PODS_ROOT}/Manifest.lock\" > /dev/null\nif [ $? != 0 ] ; then\n    # print error to STDERR\n    echo \"error: The sandbox is not in sync with the Podfile.lock. Run 'pod install' or update your CocoaPods installation.\" >&2\n    exit 1\nfi\n# This output is used by Xcode 'outputs' to avoid re-running this script phase.\necho \"SUCCESS\" > \"${SCRIPT_OUTPUT_FILE_0}\"\n";
			showEnvVarsInLog = 0;
		};
/* End PBXShellScriptBuildPhase section */

/* Begin PBXSourcesBuildPhase section */
		04920ECD25DD86FD00619236 /* Sources */ = {
			isa = PBXSourcesBuildPhase;
			buildActionMask = 2147483647;
			files = (
				04E0B11F25DF0EE9003EBDBD /* AlertService.swift in Sources */,
				04920F3A25DD8D0000619236 /* HomeView.swift in Sources */,
				04920ED925DD86FD00619236 /* HomeViewController.swift in Sources */,
				04920ED525DD86FD00619236 /* AppDelegate.swift in Sources */,
				0416A3C525DDC2D10002E477 /* Person.swift in Sources */,
				0416A3B225DDC14C0002E477 /* Post.swift in Sources */,
				041C4AF225DED742009B15AD /* HomeViewCollectionViewCell.swift in Sources */,
				0403FC0625DF348900A2A175 /* UIBarButtonItem+Ext.swift in Sources */,
				04920FA925DD97E600619236 /* R.generated.swift in Sources */,
				041C4AE925DECD7B009B15AD /* SceneDelegate.swift in Sources */,
				04581D0B25DDD20D000B4B81 /* String+Ext.swift in Sources */,
				0411F27E25DDDCDE007A15A8 /* ImageLoader.swift in Sources */,
				04920F3525DD8CF700619236 /* HomeViewModel.swift in Sources */,
				044BE40F25DDC7A900CEF97C /* Constant.swift in Sources */,
				0416A3E025DDC4A10002E477 /* PostAPI.swift in Sources */,
				04920F4225DD8DE600619236 /* InstagramTabBarController.swift in Sources */,
				044BE41825DDCEBA00CEF97C /* HomeViewTableViewCell.swift in Sources */,
			);
			runOnlyForDeploymentPostprocessing = 0;
		};
		04920EE325DD870200619236 /* Sources */ = {
			isa = PBXSourcesBuildPhase;
			buildActionMask = 2147483647;
			files = (
				04920EEC25DD870200619236 /* InstagramTests.swift in Sources */,
				041DD86B25DFAA9500747EF6 /* HomeViewControllerTests.swift in Sources */,
			);
			runOnlyForDeploymentPostprocessing = 0;
		};
		04920EEE25DD870200619236 /* Sources */ = {
			isa = PBXSourcesBuildPhase;
			buildActionMask = 2147483647;
			files = (
				04920EF725DD870200619236 /* InstagramUITests.swift in Sources */,
			);
			runOnlyForDeploymentPostprocessing = 0;
		};
/* End PBXSourcesBuildPhase section */

/* Begin PBXTargetDependency section */
		04920EE925DD870200619236 /* PBXTargetDependency */ = {
			isa = PBXTargetDependency;
			target = 04920ED025DD86FD00619236 /* Instagram */;
			targetProxy = 04920EE825DD870200619236 /* PBXContainerItemProxy */;
		};
		04920EF425DD870200619236 /* PBXTargetDependency */ = {
			isa = PBXTargetDependency;
			target = 04920ED025DD86FD00619236 /* Instagram */;
			targetProxy = 04920EF325DD870200619236 /* PBXContainerItemProxy */;
		};
/* End PBXTargetDependency section */

/* Begin PBXVariantGroup section */
		04920F7D25DD93A500619236 /* Localizable.strings */ = {
			isa = PBXVariantGroup;
			children = (
				04920F7C25DD93A500619236 /* en */,
			);
			name = Localizable.strings;
			sourceTree = "<group>";
		};
/* End PBXVariantGroup section */

/* Begin XCBuildConfiguration section */
		04920EF925DD870200619236 /* Debug */ = {
			isa = XCBuildConfiguration;
			buildSettings = {
				ALWAYS_SEARCH_USER_PATHS = NO;
				CLANG_ANALYZER_NONNULL = YES;
				CLANG_ANALYZER_NUMBER_OBJECT_CONVERSION = YES_AGGRESSIVE;
				CLANG_CXX_LANGUAGE_STANDARD = "gnu++14";
				CLANG_CXX_LIBRARY = "libc++";
				CLANG_ENABLE_MODULES = YES;
				CLANG_ENABLE_OBJC_ARC = YES;
				CLANG_ENABLE_OBJC_WEAK = YES;
				CLANG_WARN_BLOCK_CAPTURE_AUTORELEASING = YES;
				CLANG_WARN_BOOL_CONVERSION = YES;
				CLANG_WARN_COMMA = YES;
				CLANG_WARN_CONSTANT_CONVERSION = YES;
				CLANG_WARN_DEPRECATED_OBJC_IMPLEMENTATIONS = YES;
				CLANG_WARN_DIRECT_OBJC_ISA_USAGE = YES_ERROR;
				CLANG_WARN_DOCUMENTATION_COMMENTS = YES;
				CLANG_WARN_EMPTY_BODY = YES;
				CLANG_WARN_ENUM_CONVERSION = YES;
				CLANG_WARN_INFINITE_RECURSION = YES;
				CLANG_WARN_INT_CONVERSION = YES;
				CLANG_WARN_NON_LITERAL_NULL_CONVERSION = YES;
				CLANG_WARN_OBJC_IMPLICIT_RETAIN_SELF = YES;
				CLANG_WARN_OBJC_LITERAL_CONVERSION = YES;
				CLANG_WARN_OBJC_ROOT_CLASS = YES_ERROR;
				CLANG_WARN_QUOTED_INCLUDE_IN_FRAMEWORK_HEADER = YES;
				CLANG_WARN_RANGE_LOOP_ANALYSIS = YES;
				CLANG_WARN_STRICT_PROTOTYPES = YES;
				CLANG_WARN_SUSPICIOUS_MOVE = YES;
				CLANG_WARN_UNGUARDED_AVAILABILITY = YES_AGGRESSIVE;
				CLANG_WARN_UNREACHABLE_CODE = YES;
				CLANG_WARN__DUPLICATE_METHOD_MATCH = YES;
				COPY_PHASE_STRIP = NO;
				DEBUG_INFORMATION_FORMAT = dwarf;
				ENABLE_STRICT_OBJC_MSGSEND = YES;
				ENABLE_TESTABILITY = YES;
				GCC_C_LANGUAGE_STANDARD = gnu11;
				GCC_DYNAMIC_NO_PIC = NO;
				GCC_NO_COMMON_BLOCKS = YES;
				GCC_OPTIMIZATION_LEVEL = 0;
				GCC_PREPROCESSOR_DEFINITIONS = (
					"DEBUG=1",
					"$(inherited)",
				);
				GCC_WARN_64_TO_32_BIT_CONVERSION = YES;
				GCC_WARN_ABOUT_RETURN_TYPE = YES_ERROR;
				GCC_WARN_UNDECLARED_SELECTOR = YES;
				GCC_WARN_UNINITIALIZED_AUTOS = YES_AGGRESSIVE;
				GCC_WARN_UNUSED_FUNCTION = YES;
				GCC_WARN_UNUSED_VARIABLE = YES;
				IPHONEOS_DEPLOYMENT_TARGET = 13.0;
				MTL_ENABLE_DEBUG_INFO = INCLUDE_SOURCE;
				MTL_FAST_MATH = YES;
				ONLY_ACTIVE_ARCH = YES;
				SDKROOT = iphoneos;
				SWIFT_ACTIVE_COMPILATION_CONDITIONS = DEBUG;
				SWIFT_OPTIMIZATION_LEVEL = "-Onone";
			};
			name = Debug;
		};
		04920EFA25DD870200619236 /* Release */ = {
			isa = XCBuildConfiguration;
			buildSettings = {
				ALWAYS_SEARCH_USER_PATHS = NO;
				CLANG_ANALYZER_NONNULL = YES;
				CLANG_ANALYZER_NUMBER_OBJECT_CONVERSION = YES_AGGRESSIVE;
				CLANG_CXX_LANGUAGE_STANDARD = "gnu++14";
				CLANG_CXX_LIBRARY = "libc++";
				CLANG_ENABLE_MODULES = YES;
				CLANG_ENABLE_OBJC_ARC = YES;
				CLANG_ENABLE_OBJC_WEAK = YES;
				CLANG_WARN_BLOCK_CAPTURE_AUTORELEASING = YES;
				CLANG_WARN_BOOL_CONVERSION = YES;
				CLANG_WARN_COMMA = YES;
				CLANG_WARN_CONSTANT_CONVERSION = YES;
				CLANG_WARN_DEPRECATED_OBJC_IMPLEMENTATIONS = YES;
				CLANG_WARN_DIRECT_OBJC_ISA_USAGE = YES_ERROR;
				CLANG_WARN_DOCUMENTATION_COMMENTS = YES;
				CLANG_WARN_EMPTY_BODY = YES;
				CLANG_WARN_ENUM_CONVERSION = YES;
				CLANG_WARN_INFINITE_RECURSION = YES;
				CLANG_WARN_INT_CONVERSION = YES;
				CLANG_WARN_NON_LITERAL_NULL_CONVERSION = YES;
				CLANG_WARN_OBJC_IMPLICIT_RETAIN_SELF = YES;
				CLANG_WARN_OBJC_LITERAL_CONVERSION = YES;
				CLANG_WARN_OBJC_ROOT_CLASS = YES_ERROR;
				CLANG_WARN_QUOTED_INCLUDE_IN_FRAMEWORK_HEADER = YES;
				CLANG_WARN_RANGE_LOOP_ANALYSIS = YES;
				CLANG_WARN_STRICT_PROTOTYPES = YES;
				CLANG_WARN_SUSPICIOUS_MOVE = YES;
				CLANG_WARN_UNGUARDED_AVAILABILITY = YES_AGGRESSIVE;
				CLANG_WARN_UNREACHABLE_CODE = YES;
				CLANG_WARN__DUPLICATE_METHOD_MATCH = YES;
				COPY_PHASE_STRIP = NO;
				DEBUG_INFORMATION_FORMAT = "dwarf-with-dsym";
				ENABLE_NS_ASSERTIONS = NO;
				ENABLE_STRICT_OBJC_MSGSEND = YES;
				GCC_C_LANGUAGE_STANDARD = gnu11;
				GCC_NO_COMMON_BLOCKS = YES;
				GCC_WARN_64_TO_32_BIT_CONVERSION = YES;
				GCC_WARN_ABOUT_RETURN_TYPE = YES_ERROR;
				GCC_WARN_UNDECLARED_SELECTOR = YES;
				GCC_WARN_UNINITIALIZED_AUTOS = YES_AGGRESSIVE;
				GCC_WARN_UNUSED_FUNCTION = YES;
				GCC_WARN_UNUSED_VARIABLE = YES;
				IPHONEOS_DEPLOYMENT_TARGET = 13.0;
				MTL_ENABLE_DEBUG_INFO = NO;
				MTL_FAST_MATH = YES;
				SDKROOT = iphoneos;
				SWIFT_COMPILATION_MODE = wholemodule;
				SWIFT_OPTIMIZATION_LEVEL = "-O";
				VALIDATE_PRODUCT = YES;
			};
			name = Release;
		};
		04920EFC25DD870200619236 /* Debug */ = {
			isa = XCBuildConfiguration;
			baseConfigurationReference = 37D99DD3C97157A7E4EFE735 /* Pods-Instagram.debug.xcconfig */;
			buildSettings = {
				ASSETCATALOG_COMPILER_APPICON_NAME = AppIcon;
				ASSETCATALOG_COMPILER_GLOBAL_ACCENT_COLOR_NAME = AccentColor;
				CODE_SIGN_STYLE = Automatic;
				DEVELOPMENT_TEAM = JFZCUGW9T6;
				INFOPLIST_FILE = Instagram/Info.plist;
				IPHONEOS_DEPLOYMENT_TARGET = 13.0;
				LD_RUNPATH_SEARCH_PATHS = (
					"$(inherited)",
					"@executable_path/Frameworks",
				);
				PRODUCT_BUNDLE_IDENTIFIER = com.melnykovdenys.Instagram;
				PRODUCT_NAME = "$(TARGET_NAME)";
				SWIFT_VERSION = 5.0;
				TARGETED_DEVICE_FAMILY = "1,2";
			};
			name = Debug;
		};
		04920EFD25DD870200619236 /* Release */ = {
			isa = XCBuildConfiguration;
			baseConfigurationReference = E61B0BD0E2415BEAB3C85835 /* Pods-Instagram.release.xcconfig */;
			buildSettings = {
				ASSETCATALOG_COMPILER_APPICON_NAME = AppIcon;
				ASSETCATALOG_COMPILER_GLOBAL_ACCENT_COLOR_NAME = AccentColor;
				CODE_SIGN_STYLE = Automatic;
				DEVELOPMENT_TEAM = JFZCUGW9T6;
				INFOPLIST_FILE = Instagram/Info.plist;
				IPHONEOS_DEPLOYMENT_TARGET = 13.0;
				LD_RUNPATH_SEARCH_PATHS = (
					"$(inherited)",
					"@executable_path/Frameworks",
				);
				PRODUCT_BUNDLE_IDENTIFIER = com.melnykovdenys.Instagram;
				PRODUCT_NAME = "$(TARGET_NAME)";
				SWIFT_VERSION = 5.0;
				TARGETED_DEVICE_FAMILY = "1,2";
			};
			name = Release;
		};
		04920EFF25DD870200619236 /* Debug */ = {
			isa = XCBuildConfiguration;
			baseConfigurationReference = B82D5033D5A7D5F2C459B99B /* Pods-InstagramTests.debug.xcconfig */;
			buildSettings = {
				ALWAYS_EMBED_SWIFT_STANDARD_LIBRARIES = YES;
				BUNDLE_LOADER = "$(TEST_HOST)";
				CODE_SIGN_STYLE = Automatic;
				DEVELOPMENT_TEAM = JFZCUGW9T6;
				INFOPLIST_FILE = InstagramTests/Info.plist;
				IPHONEOS_DEPLOYMENT_TARGET = 13.0;
				LD_RUNPATH_SEARCH_PATHS = (
					"$(inherited)",
					"@executable_path/Frameworks",
					"@loader_path/Frameworks",
				);
				PRODUCT_BUNDLE_IDENTIFIER = com.melnykovdenys.InstagramTests;
				PRODUCT_NAME = "$(TARGET_NAME)";
				SWIFT_VERSION = 5.0;
				TARGETED_DEVICE_FAMILY = "1,2";
				TEST_HOST = "$(BUILT_PRODUCTS_DIR)/Instagram.app/Instagram";
			};
			name = Debug;
		};
		04920F0025DD870200619236 /* Release */ = {
			isa = XCBuildConfiguration;
			baseConfigurationReference = 82A47AFCFAA1C2B6F00A28D5 /* Pods-InstagramTests.release.xcconfig */;
			buildSettings = {
				ALWAYS_EMBED_SWIFT_STANDARD_LIBRARIES = YES;
				BUNDLE_LOADER = "$(TEST_HOST)";
				CODE_SIGN_STYLE = Automatic;
				DEVELOPMENT_TEAM = JFZCUGW9T6;
				INFOPLIST_FILE = InstagramTests/Info.plist;
				IPHONEOS_DEPLOYMENT_TARGET = 13.0;
				LD_RUNPATH_SEARCH_PATHS = (
					"$(inherited)",
					"@executable_path/Frameworks",
					"@loader_path/Frameworks",
				);
				PRODUCT_BUNDLE_IDENTIFIER = com.melnykovdenys.InstagramTests;
				PRODUCT_NAME = "$(TARGET_NAME)";
				SWIFT_VERSION = 5.0;
				TARGETED_DEVICE_FAMILY = "1,2";
				TEST_HOST = "$(BUILT_PRODUCTS_DIR)/Instagram.app/Instagram";
			};
			name = Release;
		};
		04920F0225DD870200619236 /* Debug */ = {
			isa = XCBuildConfiguration;
			baseConfigurationReference = BC70E8BB9FAAD0F41A0767D7 /* Pods-Instagram-InstagramUITests.debug.xcconfig */;
			buildSettings = {
				ALWAYS_EMBED_SWIFT_STANDARD_LIBRARIES = YES;
				CODE_SIGN_STYLE = Automatic;
				DEVELOPMENT_TEAM = JFZCUGW9T6;
				INFOPLIST_FILE = InstagramUITests/Info.plist;
				LD_RUNPATH_SEARCH_PATHS = (
					"$(inherited)",
					"@executable_path/Frameworks",
					"@loader_path/Frameworks",
				);
				PRODUCT_BUNDLE_IDENTIFIER = com.melnykovdenys.InstagramUITests;
				PRODUCT_NAME = "$(TARGET_NAME)";
				SWIFT_VERSION = 5.0;
				TARGETED_DEVICE_FAMILY = "1,2";
				TEST_TARGET_NAME = Instagram;
			};
			name = Debug;
		};
		04920F0325DD870200619236 /* Release */ = {
			isa = XCBuildConfiguration;
			baseConfigurationReference = EC94CB9F11726418F357C521 /* Pods-Instagram-InstagramUITests.release.xcconfig */;
			buildSettings = {
				ALWAYS_EMBED_SWIFT_STANDARD_LIBRARIES = YES;
				CODE_SIGN_STYLE = Automatic;
				DEVELOPMENT_TEAM = JFZCUGW9T6;
				INFOPLIST_FILE = InstagramUITests/Info.plist;
				LD_RUNPATH_SEARCH_PATHS = (
					"$(inherited)",
					"@executable_path/Frameworks",
					"@loader_path/Frameworks",
				);
				PRODUCT_BUNDLE_IDENTIFIER = com.melnykovdenys.InstagramUITests;
				PRODUCT_NAME = "$(TARGET_NAME)";
				SWIFT_VERSION = 5.0;
				TARGETED_DEVICE_FAMILY = "1,2";
				TEST_TARGET_NAME = Instagram;
			};
			name = Release;
		};
/* End XCBuildConfiguration section */

/* Begin XCConfigurationList section */
		04920ECC25DD86FD00619236 /* Build configuration list for PBXProject "Instagram" */ = {
			isa = XCConfigurationList;
			buildConfigurations = (
				04920EF925DD870200619236 /* Debug */,
				04920EFA25DD870200619236 /* Release */,
			);
			defaultConfigurationIsVisible = 0;
			defaultConfigurationName = Release;
		};
		04920EFB25DD870200619236 /* Build configuration list for PBXNativeTarget "Instagram" */ = {
			isa = XCConfigurationList;
			buildConfigurations = (
				04920EFC25DD870200619236 /* Debug */,
				04920EFD25DD870200619236 /* Release */,
			);
			defaultConfigurationIsVisible = 0;
			defaultConfigurationName = Release;
		};
		04920EFE25DD870200619236 /* Build configuration list for PBXNativeTarget "InstagramTests" */ = {
			isa = XCConfigurationList;
			buildConfigurations = (
				04920EFF25DD870200619236 /* Debug */,
				04920F0025DD870200619236 /* Release */,
			);
			defaultConfigurationIsVisible = 0;
			defaultConfigurationName = Release;
		};
		04920F0125DD870200619236 /* Build configuration list for PBXNativeTarget "InstagramUITests" */ = {
			isa = XCConfigurationList;
			buildConfigurations = (
				04920F0225DD870200619236 /* Debug */,
				04920F0325DD870200619236 /* Release */,
			);
			defaultConfigurationIsVisible = 0;
			defaultConfigurationName = Release;
		};
/* End XCConfigurationList section */
	};
	rootObject = 04920EC925DD86FD00619236 /* Project object */;
}
